
Microsoft Visual Studio Solution File, Format Version 12.00
# Visual Studio Version 16
VisualStudioVersion = 16.0.33529.622
MinimumVisualStudioVersion = 10.0.40219.1
Project("{FAE04EC0-301F-11D3-BF4B-00C04F79EFBC}") = "app_1", "app_1.csproj", "{CBB71F95-E556-4A06-9AB6-E1C107AF079C}"
EndProject
Global
	GlobalSection(SolutionConfigurationPlatforms) = preSolution
		Debug|Any CPU = Debug|Any CPU
		Release|Any CPU = Release|Any CPU
	EndGlobalSection
	GlobalSection(ProjectConfigurationPlatforms) = postSolution
		{CBB71F95-E556-4A06-9AB6-E1C107AF079C}.Debug|Any CPU.ActiveCfg = Debug|Any CPU
		{CBB71F95-E556-4A06-9AB6-E1C107AF079C}.Debug|Any CPU.Build.0 = Debug|Any CPU
		{CBB71F95-E556-4A06-9AB6-E1C107AF079C}.Release|Any CPU.ActiveCfg = Release|Any CPU
		{CBB71F95-E556-4A06-9AB6-E1C107AF079C}.Release|Any CPU.Build.0 = Release|Any CPU
	EndGlobalSection
	GlobalSection(SolutionProperties) = preSolution
		HideSolutionNode = FALSE
	EndGlobalSection
	GlobalSection(ExtensibilityGlobals) = postSolution
		SolutionGuid = {6FFCFDA9-1C17-45E0-B734-EFEF1A6F87ED}
	EndGlobalSection
EndGlobal
